<Solution>
  <Project Path="PhoneBook.DataAccess/PhoneBook.DataAccess.csproj" />
  <Project Path="PhoneBook.Domain/PhoneBook.Domain.csproj" />
  <Project Path="PhoneBook.Services/PhoneBook.Services.csproj" Id="1337e745-4679-4b4a-8489-ca3224645813" />
  <Project Path="PhoneBook.Web/PhoneBook.Web.csproj" />
</Solution>
